
Microsoft Visual Studio Solution File, Format Version 11.00
# Visual Studio 2010
Project("{FAE04EC0-301F-11D3-BF4B-00C04F79EFBC}") = "Assembly-CSharp", "Assembly-CSharp.csproj", "{ECE1626C-100A-2198-5650-C870CE882231}"
EndProject
Project("{FAE04EC0-301F-11D3-BF4B-00C04F79EFBC}") = "Assembly-CSharp-Editor", "Assembly-CSharp-Editor.csproj", "{FD15B6CB-ED6C-2633-DA4D-D38A082666AB}"
EndProject
Global
	GlobalSection(SolutionConfigurationPlatforms) = preSolution
		Debug|Any CPU = Debug|Any CPU
		Release|Any CPU = Release|Any CPU
	EndGlobalSection
	GlobalSection(ProjectConfigurationPlatforms) = postSolution
		{ECE1626C-100A-2198-5650-C870CE882231}.Debug|Any CPU.ActiveCfg = Debug|Any CPU
		{ECE1626C-100A-2198-5650-C870CE882231}.Debug|Any CPU.Build.0 = Debug|Any CPU
		{ECE1626C-100A-2198-5650-C870CE882231}.Release|Any CPU.ActiveCfg = Release|Any CPU
		{ECE1626C-100A-2198-5650-C870CE882231}.Release|Any CPU.Build.0 = Release|Any CPU
		{FD15B6CB-ED6C-2633-DA4D-D38A082666AB}.Debug|Any CPU.ActiveCfg = Debug|Any CPU
		{FD15B6CB-ED6C-2633-DA4D-D38A082666AB}.Debug|Any CPU.Build.0 = Debug|Any CPU
		{FD15B6CB-ED6C-2633-DA4D-D38A082666AB}.Release|Any CPU.ActiveCfg = Release|Any CPU
		{FD15B6CB-ED6C-2633-DA4D-D38A082666AB}.Release|Any CPU.Build.0 = Release|Any CPU
	EndGlobalSection
	GlobalSection(SolutionProperties) = preSolution
		HideSolutionNode = FALSE
	EndGlobalSection
	GlobalSection(MonoDevelopProperties) = preSolution
		StartupItem = Assembly-CSharp.csproj
	EndGlobalSection
EndGlobal
